
Microsoft Visual Studio Solution File, Format Version 12.00
# Visual Studio Version 16
VisualStudioVersion = 16.0.30503.244
MinimumVisualStudioVersion = 10.0.40219.1
Project("{9A19103F-16F7-4668-BE54-9A1E7A4F7556}") = "Neil.Client", "Neil.Client\Neil.Client.csproj", "{688E0640-EBA5-411D-A039-94E2AC9DBBE7}"
EndProject
Project("{2150E333-8FDC-42A3-9474-1A3956D46DE8}") = "1.Client", "1.Client", "{F7E54848-0DA6-417C-B48C-C46D5AB2919F}"
EndProject
Project("{2150E333-8FDC-42A3-9474-1A3956D46DE8}") = "2.BLL", "2.BLL", "{95616CDC-A652-4442-A2E7-0EE0100C1A86}"
EndProject
Project("{2150E333-8FDC-42A3-9474-1A3956D46DE8}") = "3.DAL", "3.DAL", "{173F39FA-A7F4-47CC-B5B7-3CE47388827B}"
EndProject
Project("{2150E333-8FDC-42A3-9474-1A3956D46DE8}") = "设计模式", "设计模式", "{348C473E-E04A-4FD8-ADBE-ED7E815F17C8}"
EndProject
Project("{FAE04EC0-301F-11D3-BF4B-00C04F79EFBC}") = "BuilderPattern", "BuilderPattern\BuilderPattern.csproj", "{70AE18CC-95D6-4131-9CE8-96100773688E}"
EndProject
Project("{9A19103F-16F7-4668-BE54-9A1E7A4F7556}") = "Neil.MyConsole", "Neil.MyConsole\Neil.MyConsole.csproj", "{CE7ECEFC-F5FD-4125-AC9F-767644A60DBE}"
EndProject
Project("{9A19103F-16F7-4668-BE54-9A1E7A4F7556}") = "Neil.IBLL", "Neil.IBLL\Neil.IBLL.csproj", "{49672502-6A9F-4E9B-9466-E687290381E3}"
EndProject
Project("{9A19103F-16F7-4668-BE54-9A1E7A4F7556}") = "Neil.BLL", "Neil.BLL\Neil.BLL.csproj", "{45F12F7F-49FF-4B08-AD44-C106A65ADF47}"
EndProject
Project("{9A19103F-16F7-4668-BE54-9A1E7A4F7556}") = "Neil.IDAL", "Neil.IDAL\Neil.IDAL.csproj", "{FDD8E29E-F946-43C4-8D69-AD7765809E25}"
EndProject
Project("{9A19103F-16F7-4668-BE54-9A1E7A4F7556}") = "Neil.DAL", "Neil.DAL\Neil.DAL.csproj", "{E4A4D8F3-723E-49FB-A482-DFCBF65FC720}"
EndProject
Project("{2150E333-8FDC-42A3-9474-1A3956D46DE8}") = "0.Framework", "0.Framework", "{A7CC5BBE-9905-41A9-9702-603A8753D977}"
EndProject
Project("{2150E333-8FDC-42A3-9474-1A3956D46DE8}") = "CustomDI", "CustomDI", "{4A9F8C44-CA8E-4EEA-ADD1-18160CF38598}"
EndProject
Project("{2150E333-8FDC-42A3-9474-1A3956D46DE8}") = "4.Service", "4.Service", "{65EFEC89-9D51-440C-99A0-456A5DC1D89E}"
EndProject
Project("{2150E333-8FDC-42A3-9474-1A3956D46DE8}") = "5.Model", "5.Model", "{89C4EDC4-8F18-469B-9563-5756A6B0E0FE}"
EndProject
Project("{9A19103F-16F7-4668-BE54-9A1E7A4F7556}") = "Neil.Model", "Neil.Model\Neil.Model.csproj", "{19089D3E-ED76-4255-9C61-DFDC37198636}"
EndProject
Project("{9A19103F-16F7-4668-BE54-9A1E7A4F7556}") = "Neil.IService", "Neil.IService\Neil.IService.csproj", "{41A80183-6CD2-4DD4-BF49-CB0CBE50444C}"
EndProject
Project("{9A19103F-16F7-4668-BE54-9A1E7A4F7556}") = "Neil.Service", "Neil.Service\Neil.Service.csproj", "{FA2A20F6-6A7D-43B7-BFC9-BAE4E4B0C51C}"
EndProject
Project("{FAE04EC0-301F-11D3-BF4B-00C04F79EFBC}") = "Neil.Container", "Neil.Container\Neil.Container.csproj", "{66DFC01E-8B4F-44A3-B484-4848C736280E}"
EndProject
Global
	GlobalSection(SolutionConfigurationPlatforms) = preSolution
		Debug|Any CPU = Debug|Any CPU
		Release|Any CPU = Release|Any CPU
	EndGlobalSection
	GlobalSection(ProjectConfigurationPlatforms) = postSolution
		{688E0640-EBA5-411D-A039-94E2AC9DBBE7}.Debug|Any CPU.ActiveCfg = Debug|Any CPU
		{688E0640-EBA5-411D-A039-94E2AC9DBBE7}.Debug|Any CPU.Build.0 = Debug|Any CPU
		{688E0640-EBA5-411D-A039-94E2AC9DBBE7}.Release|Any CPU.ActiveCfg = Release|Any CPU
		{688E0640-EBA5-411D-A039-94E2AC9DBBE7}.Release|Any CPU.Build.0 = Release|Any CPU
		{70AE18CC-95D6-4131-9CE8-96100773688E}.Debug|Any CPU.ActiveCfg = Debug|Any CPU
		{70AE18CC-95D6-4131-9CE8-96100773688E}.Debug|Any CPU.Build.0 = Debug|Any CPU
		{70AE18CC-95D6-4131-9CE8-96100773688E}.Release|Any CPU.ActiveCfg = Release|Any CPU
		{70AE18CC-95D6-4131-9CE8-96100773688E}.Release|Any CPU.Build.0 = Release|Any CPU
		{CE7ECEFC-F5FD-4125-AC9F-767644A60DBE}.Debug|Any CPU.ActiveCfg = Debug|Any CPU
		{CE7ECEFC-F5FD-4125-AC9F-767644A60DBE}.Debug|Any CPU.Build.0 = Debug|Any CPU
		{CE7ECEFC-F5FD-4125-AC9F-767644A60DBE}.Release|Any CPU.ActiveCfg = Release|Any CPU
		{CE7ECEFC-F5FD-4125-AC9F-767644A60DBE}.Release|Any CPU.Build.0 = Release|Any CPU
		{49672502-6A9F-4E9B-9466-E687290381E3}.Debug|Any CPU.ActiveCfg = Debug|Any CPU
		{49672502-6A9F-4E9B-9466-E687290381E3}.Debug|Any CPU.Build.0 = Debug|Any CPU
		{49672502-6A9F-4E9B-9466-E687290381E3}.Release|Any CPU.ActiveCfg = Release|Any CPU
		{49672502-6A9F-4E9B-9466-E687290381E3}.Release|Any CPU.Build.0 = Release|Any CPU
		{45F12F7F-49FF-4B08-AD44-C106A65ADF47}.Debug|Any CPU.ActiveCfg = Debug|Any CPU
		{45F12F7F-49FF-4B08-AD44-C106A65ADF47}.Debug|Any CPU.Build.0 = Debug|Any CPU
		{45F12F7F-49FF-4B08-AD44-C106A65ADF47}.Release|Any CPU.ActiveCfg = Release|Any CPU
		{45F12F7F-49FF-4B08-AD44-C106A65ADF47}.Release|Any CPU.Build.0 = Release|Any CPU
		{FDD8E29E-F946-43C4-8D69-AD7765809E25}.Debug|Any CPU.ActiveCfg = Debug|Any CPU
		{FDD8E29E-F946-43C4-8D69-AD7765809E25}.Debug|Any CPU.Build.0 = Debug|Any CPU
		{FDD8E29E-F946-43C4-8D69-AD7765809E25}.Release|Any CPU.ActiveCfg = Release|Any CPU
		{FDD8E29E-F946-43C4-8D69-AD7765809E25}.Release|Any CPU.Build.0 = Release|Any CPU
		{E4A4D8F3-723E-49FB-A482-DFCBF65FC720}.Debug|Any CPU.ActiveCfg = Debug|Any CPU
		{E4A4D8F3-723E-49FB-A482-DFCBF65FC720}.Debug|Any CPU.Build.0 = Debug|Any CPU
		{E4A4D8F3-723E-49FB-A482-DFCBF65FC720}.Release|Any CPU.ActiveCfg = Release|Any CPU
		{E4A4D8F3-723E-49FB-A482-DFCBF65FC720}.Release|Any CPU.Build.0 = Release|Any CPU
		{19089D3E-ED76-4255-9C61-DFDC37198636}.Debug|Any CPU.ActiveCfg = Debug|Any CPU
		{19089D3E-ED76-4255-9C61-DFDC37198636}.Debug|Any CPU.Build.0 = Debug|Any CPU
		{19089D3E-ED76-4255-9C61-DFDC37198636}.Release|Any CPU.ActiveCfg = Release|Any CPU
		{19089D3E-ED76-4255-9C61-DFDC37198636}.Release|Any CPU.Build.0 = Release|Any CPU
		{41A80183-6CD2-4DD4-BF49-CB0CBE50444C}.Debug|Any CPU.ActiveCfg = Debug|Any CPU
		{41A80183-6CD2-4DD4-BF49-CB0CBE50444C}.Debug|Any CPU.Build.0 = Debug|Any CPU
		{41A80183-6CD2-4DD4-BF49-CB0CBE50444C}.Release|Any CPU.ActiveCfg = Release|Any CPU
		{41A80183-6CD2-4DD4-BF49-CB0CBE50444C}.Release|Any CPU.Build.0 = Release|Any CPU
		{FA2A20F6-6A7D-43B7-BFC9-BAE4E4B0C51C}.Debug|Any CPU.ActiveCfg = Debug|Any CPU
		{FA2A20F6-6A7D-43B7-BFC9-BAE4E4B0C51C}.Debug|Any CPU.Build.0 = Debug|Any CPU
		{FA2A20F6-6A7D-43B7-BFC9-BAE4E4B0C51C}.Release|Any CPU.ActiveCfg = Release|Any CPU
		{FA2A20F6-6A7D-43B7-BFC9-BAE4E4B0C51C}.Release|Any CPU.Build.0 = Release|Any CPU
		{66DFC01E-8B4F-44A3-B484-4848C736280E}.Debug|Any CPU.ActiveCfg = Debug|Any CPU
		{66DFC01E-8B4F-44A3-B484-4848C736280E}.Debug|Any CPU.Build.0 = Debug|Any CPU
		{66DFC01E-8B4F-44A3-B484-4848C736280E}.Release|Any CPU.ActiveCfg = Release|Any CPU
		{66DFC01E-8B4F-44A3-B484-4848C736280E}.Release|Any CPU.Build.0 = Release|Any CPU
	EndGlobalSection
	GlobalSection(SolutionProperties) = preSolution
		HideSolutionNode = FALSE
	EndGlobalSection
	GlobalSection(NestedProjects) = preSolution
		{688E0640-EBA5-411D-A039-94E2AC9DBBE7} = {F7E54848-0DA6-417C-B48C-C46D5AB2919F}
		{70AE18CC-95D6-4131-9CE8-96100773688E} = {348C473E-E04A-4FD8-ADBE-ED7E815F17C8}
		{CE7ECEFC-F5FD-4125-AC9F-767644A60DBE} = {F7E54848-0DA6-417C-B48C-C46D5AB2919F}
		{49672502-6A9F-4E9B-9466-E687290381E3} = {95616CDC-A652-4442-A2E7-0EE0100C1A86}
		{45F12F7F-49FF-4B08-AD44-C106A65ADF47} = {95616CDC-A652-4442-A2E7-0EE0100C1A86}
		{FDD8E29E-F946-43C4-8D69-AD7765809E25} = {173F39FA-A7F4-47CC-B5B7-3CE47388827B}
		{E4A4D8F3-723E-49FB-A482-DFCBF65FC720} = {173F39FA-A7F4-47CC-B5B7-3CE47388827B}
		{4A9F8C44-CA8E-4EEA-ADD1-18160CF38598} = {A7CC5BBE-9905-41A9-9702-603A8753D977}
		{19089D3E-ED76-4255-9C61-DFDC37198636} = {89C4EDC4-8F18-469B-9563-5756A6B0E0FE}
		{41A80183-6CD2-4DD4-BF49-CB0CBE50444C} = {65EFEC89-9D51-440C-99A0-456A5DC1D89E}
		{FA2A20F6-6A7D-43B7-BFC9-BAE4E4B0C51C} = {65EFEC89-9D51-440C-99A0-456A5DC1D89E}
		{66DFC01E-8B4F-44A3-B484-4848C736280E} = {4A9F8C44-CA8E-4EEA-ADD1-18160CF38598}
	EndGlobalSection
	GlobalSection(ExtensibilityGlobals) = postSolution
		SolutionGuid = {21A9B482-937D-48CE-9BDC-7DD4466776D7}
	EndGlobalSection
EndGlobal
